// !$*UTF8*$!
{
	archiveVersion = 1;
	classes = {
	};
	objectVersion = 46;
	objects = {

/* Begin PBXBuildFile section */
		5ACBF8701B37D1B6009CCA79 /* Foundation.framework in Frameworks */ = {isa = PBXBuildFile; fileRef = 5ACBF86F1B37D1B6009CCA79 /* Foundation.framework */; };
		5ACBF8721B37D1B6009CCA79 /* CoreGraphics.framework in Frameworks */ = {isa = PBXBuildFile; fileRef = 5ACBF8711B37D1B6009CCA79 /* CoreGraphics.framework */; };
		5ACBF8741B37D1B6009CCA79 /* UIKit.framework in Frameworks */ = {isa = PBXBuildFile; fileRef = 5ACBF8731B37D1B6009CCA79 /* UIKit.framework */; };
		5ACBF87A1B37D1B6009CCA79 /* InfoPlist.strings in Resources */ = {isa = PBXBuildFile; fileRef = 5ACBF8781B37D1B6009CCA79 /* InfoPlist.strings */; };
		5ACBF87C1B37D1B6009CCA79 /* main.m in Sources */ = {isa = PBXBuildFile; fileRef = 5ACBF87B1B37D1B6009CCA79 /* main.m */; };
		5ACBF8801B37D1B6009CCA79 /* UYAppDelegate.m in Sources */ = {isa = PBXBuildFile; fileRef = 5ACBF87F1B37D1B6009CCA79 /* UYAppDelegate.m */; };
		5ACBF8831B37D1B6009CCA79 /* Main.storyboard in Resources */ = {isa = PBXBuildFile; fileRef = 5ACBF8811B37D1B6009CCA79 /* Main.storyboard */; };
		5ACBF8861B37D1B6009CCA79 /* UYViewController.m in Sources */ = {isa = PBXBuildFile; fileRef = 5ACBF8851B37D1B6009CCA79 /* UYViewController.m */; };
		5ACBF8881B37D1B6009CCA79 /* Images.xcassets in Resources */ = {isa = PBXBuildFile; fileRef = 5ACBF8871B37D1B6009CCA79 /* Images.xcassets */; };
		5ACBF88F1B37D1B6009CCA79 /* XCTest.framework in Frameworks */ = {isa = PBXBuildFile; fileRef = 5ACBF88E1B37D1B6009CCA79 /* XCTest.framework */; };
		5ACBF8901B37D1B6009CCA79 /* Foundation.framework in Frameworks */ = {isa = PBXBuildFile; fileRef = 5ACBF86F1B37D1B6009CCA79 /* Foundation.framework */; };
		5ACBF8911B37D1B6009CCA79 /* UIKit.framework in Frameworks */ = {isa = PBXBuildFile; fileRef = 5ACBF8731B37D1B6009CCA79 /* UIKit.framework */; };
		5ACBF8991B37D1B6009CCA79 /* InfoPlist.strings in Resources */ = {isa = PBXBuildFile; fileRef = 5ACBF8971B37D1B6009CCA79 /* InfoPlist.strings */; };
		5ACBF89B1B37D1B6009CCA79 /* WeiboTests.m in Sources */ = {isa = PBXBuildFile; fileRef = 5ACBF89A1B37D1B6009CCA79 /* WeiboTests.m */; };
/* End PBXBuildFile section */

/* Begin PBXContainerItemProxy section */
		5ACBF8921B37D1B6009CCA79 /* PBXContainerItemProxy */ = {
			isa = PBXContainerItemProxy;
			containerPortal = 5ACBF8641B37D1B5009CCA79 /* Project object */;
			proxyType = 1;
			remoteGlobalIDString = 5ACBF86B1B37D1B5009CCA79;
			remoteInfo = Weibo;
		};
/* End PBXContainerItemProxy section */

/* Begin PBXFileReference section */
		5ACBF86C1B37D1B6009CCA79 /* Weibo.app */ = {isa = PBXFileReference; explicitFileType = wrapper.application; includeInIndex = 0; path = Weibo.app; sourceTree = BUILT_PRODUCTS_DIR; };
		5ACBF86F1B37D1B6009CCA79 /* Foundation.framework */ = {isa = PBXFileReference; lastKnownFileType = wrapper.framework; name = Foundation.framework; path = System/Library/Frameworks/Foundation.framework; sourceTree = SDKROOT; };
		5ACBF8711B37D1B6009CCA79 /* CoreGraphics.framework */ = {isa = PBXFileReference; lastKnownFileType = wrapper.framework; name = CoreGraphics.framework; path = System/Library/Frameworks/CoreGraphics.framework; sourceTree = SDKROOT; };
		5ACBF8731B37D1B6009CCA79 /* UIKit.framework */ = {isa = PBXFileReference; lastKnownFileType = wrapper.framework; name = UIKit.framework; path = System/Library/Frameworks/UIKit.framework; sourceTree = SDKROOT; };
		5ACBF8771B37D1B6009CCA79 /* Weibo-Info.plist */ = {isa = PBXFileReference; lastKnownFileType = text.plist.xml; path = "Weibo-Info.plist"; sourceTree = "<group>"; };
		5ACBF8791B37D1B6009CCA79 /* en */ = {isa = PBXFileReference; lastKnownFileType = text.plist.strings; name = en; path = en.lproj/InfoPlist.strings; sourceTree = "<group>"; };
		5ACBF87B1B37D1B6009CCA79 /* main.m */ = {isa = PBXFileReference; lastKnownFileType = sourcecode.c.objc; path = main.m; sourceTree = "<group>"; };
		5ACBF87D1B37D1B6009CCA79 /* Weibo-Prefix.pch */ = {isa = PBXFileReference; lastKnownFileType = sourcecode.c.h; path = "Weibo-Prefix.pch"; sourceTree = "<group>"; };
		5ACBF87E1B37D1B6009CCA79 /* UYAppDelegate.h */ = {isa = PBXFileReference; lastKnownFileType = sourcecode.c.h; path = UYAppDelegate.h; sourceTree = "<group>"; };
		5ACBF87F1B37D1B6009CCA79 /* UYAppDelegate.m */ = {isa = PBXFileReference; lastKnownFileType = sourcecode.c.objc; path = UYAppDelegate.m; sourceTree = "<group>"; };
		5ACBF8821B37D1B6009CCA79 /* Base */ = {isa = PBXFileReference; lastKnownFileType = file.storyboard; name = Base; path = Base.lproj/Main.storyboard; sourceTree = "<group>"; };
		5ACBF8841B37D1B6009CCA79 /* UYViewController.h */ = {isa = PBXFileReference; lastKnownFileType = sourcecode.c.h; path = UYViewController.h; sourceTree = "<group>"; };
		5ACBF8851B37D1B6009CCA79 /* UYViewController.m */ = {isa = PBXFileReference; lastKnownFileType = sourcecode.c.objc; path = UYViewController.m; sourceTree = "<group>"; };
		5ACBF8871B37D1B6009CCA79 /* Images.xcassets */ = {isa = PBXFileReference; lastKnownFileType = folder.assetcatalog; path = Images.xcassets; sourceTree = "<group>"; };
		5ACBF88D1B37D1B6009CCA79 /* WeiboTests.xctest */ = {isa = PBXFileReference; explicitFileType = wrapper.cfbundle; includeInIndex = 0; path = WeiboTests.xctest; sourceTree = BUILT_PRODUCTS_DIR; };
		5ACBF88E1B37D1B6009CCA79 /* XCTest.framework */ = {isa = PBXFileReference; lastKnownFileType = wrapper.framework; name = XCTest.framework; path = Library/Frameworks/XCTest.framework; sourceTree = DEVELOPER_DIR; };
		5ACBF8961B37D1B6009CCA79 /* WeiboTests-Info.plist */ = {isa = PBXFileReference; lastKnownFileType = text.plist.xml; path = "WeiboTests-Info.plist"; sourceTree = "<group>"; };
		5ACBF8981B37D1B6009CCA79 /* en */ = {isa = PBXFileReference; lastKnownFileType = text.plist.strings; name = en; path = en.lproj/InfoPlist.strings; sourceTree = "<group>"; };
		5ACBF89A1B37D1B6009CCA79 /* WeiboTests.m */ = {isa = PBXFileReference; lastKnownFileType = sourcecode.c.objc; path = WeiboTests.m; sourceTree = "<group>"; };
/* End PBXFileReference section */

/* Begin PBXFrameworksBuildPhase section */
		5ACBF8691B37D1B5009CCA79 /* Frameworks */ = {
			isa = PBXFrameworksBuildPhase;
			buildActionMask = 2147483647;
			files = (
				5ACBF8721B37D1B6009CCA79 /* CoreGraphics.framework in Frameworks */,
				5ACBF8741B37D1B6009CCA79 /* UIKit.framework in Frameworks */,
				5ACBF8701B37D1B6009CCA79 /* Foundation.framework in Frameworks */,
			);
			runOnlyForDeploymentPostprocessing = 0;
		};
		5ACBF88A1B37D1B6009CCA79 /* Frameworks */ = {
			isa = PBXFrameworksBuildPhase;
			buildActionMask = 2147483647;
			files = (
				5ACBF88F1B37D1B6009CCA79 /* XCTest.framework in Frameworks */,
				5ACBF8911B37D1B6009CCA79 /* UIKit.framework in Frameworks */,
				5ACBF8901B37D1B6009CCA79 /* Foundation.framework in Frameworks */,
			);
			runOnlyForDeploymentPostprocessing = 0;
		};
/* End PBXFrameworksBuildPhase section */

/* Begin PBXGroup section */
		5ACBF8631B37D1B5009CCA79 = {
			isa = PBXGroup;
			children = (
				5ACBF8751B37D1B6009CCA79 /* Weibo */,
				5ACBF8941B37D1B6009CCA79 /* WeiboTests */,
				5ACBF86E1B37D1B6009CCA79 /* Frameworks */,
				5ACBF86D1B37D1B6009CCA79 /* Products */,
			);
			sourceTree = "<group>";
		};
		5ACBF86D1B37D1B6009CCA79 /* Products */ = {
			isa = PBXGroup;
			children = (
				5ACBF86C1B37D1B6009CCA79 /* Weibo.app */,
				5ACBF88D1B37D1B6009CCA79 /* WeiboTests.xctest */,
			);
			name = Products;
			sourceTree = "<group>";
		};
		5ACBF86E1B37D1B6009CCA79 /* Frameworks */ = {
			isa = PBXGroup;
			children = (
				5ACBF86F1B37D1B6009CCA79 /* Foundation.framework */,
				5ACBF8711B37D1B6009CCA79 /* CoreGraphics.framework */,
				5ACBF8731B37D1B6009CCA79 /* UIKit.framework */,
				5ACBF88E1B37D1B6009CCA79 /* XCTest.framework */,
			);
			name = Frameworks;
			sourceTree = "<group>";
		};
		5ACBF8751B37D1B6009CCA79 /* Weibo */ = {
			isa = PBXGroup;
			children = (
				5ACBF87E1B37D1B6009CCA79 /* UYAppDelegate.h */,
				5ACBF87F1B37D1B6009CCA79 /* UYAppDelegate.m */,
				5ACBF8811B37D1B6009CCA79 /* Main.storyboard */,
				5ACBF8841B37D1B6009CCA79 /* UYViewController.h */,
				5ACBF8851B37D1B6009CCA79 /* UYViewController.m */,
				5ACBF8871B37D1B6009CCA79 /* Images.xcassets */,
				5ACBF8761B37D1B6009CCA79 /* Supporting Files */,
			);
			path = Weibo;
			sourceTree = "<group>";
		};
		5ACBF8761B37D1B6009CCA79 /* Supporting Files */ = {
			isa = PBXGroup;
			children = (
				5ACBF8771B37D1B6009CCA79 /* Weibo-Info.plist */,
				5ACBF8781B37D1B6009CCA79 /* InfoPlist.strings */,
				5ACBF87B1B37D1B6009CCA79 /* main.m */,
				5ACBF87D1B37D1B6009CCA79 /* Weibo-Prefix.pch */,
			);
			name = "Supporting Files";
			sourceTree = "<group>";
		};
		5ACBF8941B37D1B6009CCA79 /* WeiboTests */ = {
			isa = PBXGroup;
			children = (
				5ACBF89A1B37D1B6009CCA79 /* WeiboTests.m */,
				5ACBF8951B37D1B6009CCA79 /* Supporting Files */,
			);
			path = WeiboTests;
			sourceTree = "<group>";
		};
		5ACBF8951B37D1B6009CCA79 /* Supporting Files */ = {
			isa = PBXGroup;
			children = (
				5ACBF8961B37D1B6009CCA79 /* WeiboTests-Info.plist */,
				5ACBF8971B37D1B6009CCA79 /* InfoPlist.strings */,
			);
			name = "Supporting Files";
			sourceTree = "<group>";
		};
/* End PBXGroup section */

/* Begin PBXNativeTarget section */
		5ACBF86B1B37D1B5009CCA79 /* Weibo */ = {
			isa = PBXNativeTarget;
			buildConfigurationList = 5ACBF89E1B37D1B6009CCA79 /* Build configuration list for PBXNativeTarget "Weibo" */;
			buildPhases = (
				5ACBF8681B37D1B5009CCA79 /* Sources */,
				5ACBF8691B37D1B5009CCA79 /* Frameworks */,
				5ACBF86A1B37D1B5009CCA79 /* Resources */,
			);
			buildRules = (
			);
			dependencies = (
			);
			name = Weibo;
			productName = Weibo;
			productReference = 5ACBF86C1B37D1B6009CCA79 /* Weibo.app */;
			productType = "com.apple.product-type.application";
		};
		5ACBF88C1B37D1B6009CCA79 /* WeiboTests */ = {
			isa = PBXNativeTarget;
			buildConfigurationList = 5ACBF8A11B37D1B6009CCA79 /* Build configuration list for PBXNativeTarget "WeiboTests" */;
			buildPhases = (
				5ACBF8891B37D1B6009CCA79 /* Sources */,
				5ACBF88A1B37D1B6009CCA79 /* Frameworks */,
				5ACBF88B1B37D1B6009CCA79 /* Resources */,
			);
			buildRules = (
			);
			dependencies = (
				5ACBF8931B37D1B6009CCA79 /* PBXTargetDependency */,
			);
			name = WeiboTests;
			productName = WeiboTests;
			productReference = 5ACBF88D1B37D1B6009CCA79 /* WeiboTests.xctest */;
			productType = "com.apple.product-type.bundle.unit-test";
		};
/* End PBXNativeTarget section */

/* Begin PBXProject section */
		5ACBF8641B37D1B5009CCA79 /* Project object */ = {
			isa = PBXProject;
			attributes = {
				CLASSPREFIX = UY;
				LastUpgradeCheck = 0510;
				ORGANIZATIONNAME = uxiaoyuan;
				TargetAttributes = {
					5ACBF88C1B37D1B6009CCA79 = {
						TestTargetID = 5ACBF86B1B37D1B5009CCA79;
					};
				};
			};
			buildConfigurationList = 5ACBF8671B37D1B5009CCA79 /* Build configuration list for PBXProject "Weibo" */;
			compatibilityVersion = "Xcode 3.2";
			developmentRegion = English;
			hasScannedForEncodings = 0;
			knownRegions = (
				en,
				Base,
			);
			mainGroup = 5ACBF8631B37D1B5009CCA79;
			productRefGroup = 5ACBF86D1B37D1B6009CCA79 /* Products */;
			projectDirPath = "";
			projectRoot = "";
			targets = (
				5ACBF86B1B37D1B5009CCA79 /* Weibo */,
				5ACBF88C1B37D1B6009CCA79 /* WeiboTests */,
			);
		};
/* End PBXProject section */

/* Begin PBXResourcesBuildPhase section */
		5ACBF86A1B37D1B5009CCA79 /* Resources */ = {
			isa = PBXResourcesBuildPhase;
			buildActionMask = 2147483647;
			files = (
				5ACBF8881B37D1B6009CCA79 /* Images.xcassets in Resources */,
				5ACBF87A1B37D1B6009CCA79 /* InfoPlist.strings in Resources */,
				5ACBF8831B37D1B6009CCA79 /* Main.storyboard in Resources */,
			);
			runOnlyForDeploymentPostprocessing = 0;
		};
		5ACBF88B1B37D1B6009CCA79 /* Resources */ = {
			isa = PBXResourcesBuildPhase;
			buildActionMask = 2147483647;
			files = (
				5ACBF8991B37D1B6009CCA79 /* InfoPlist.strings in Resources */,
			);
			runOnlyForDeploymentPostprocessing = 0;
		};
/* End PBXResourcesBuildPhase section */

/* Begin PBXSourcesBuildPhase section */
		5ACBF8681B37D1B5009CCA79 /* Sources */ = {
			isa = PBXSourcesBuildPhase;
			buildActionMask = 2147483647;
			files = (
				5ACBF8801B37D1B6009CCA79 /* UYAppDelegate.m in Sources */,
				5ACBF8861B37D1B6009CCA79 /* UYViewController.m in Sources */,
				5ACBF87C1B37D1B6009CCA79 /* main.m in Sources */,
			);
			runOnlyForDeploymentPostprocessing = 0;
		};
		5ACBF8891B37D1B6009CCA79 /* Sources */ = {
			isa = PBXSourcesBuildPhase;
			buildActionMask = 2147483647;
			files = (
				5ACBF89B1B37D1B6009CCA79 /* WeiboTests.m in Sources */,
			);
			runOnlyForDeploymentPostprocessing = 0;
		};
/* End PBXSourcesBuildPhase section */

/* Begin PBXTargetDependency section */
		5ACBF8931B37D1B6009CCA79 /* PBXTargetDependency */ = {
			isa = PBXTargetDependency;
			target = 5ACBF86B1B37D1B5009CCA79 /* Weibo */;
			targetProxy = 5ACBF8921B37D1B6009CCA79 /* PBXContainerItemProxy */;
		};
/* End PBXTargetDependency section */

/* Begin PBXVariantGroup section */
		5ACBF8781B37D1B6009CCA79 /* InfoPlist.strings */ = {
			isa = PBXVariantGroup;
			children = (
				5ACBF8791B37D1B6009CCA79 /* en */,
			);
			name = InfoPlist.strings;
			sourceTree = "<group>";
		};
		5ACBF8811B37D1B6009CCA79 /* Main.storyboard */ = {
			isa = PBXVariantGroup;
			children = (
				5ACBF8821B37D1B6009CCA79 /* Base */,
			);
			name = Main.storyboard;
			sourceTree = "<group>";
		};
		5ACBF8971B37D1B6009CCA79 /* InfoPlist.strings */ = {
			isa = PBXVariantGroup;
			children = (
				5ACBF8981B37D1B6009CCA79 /* en */,
			);
			name = InfoPlist.strings;
			sourceTree = "<group>";
		};
/* End PBXVariantGroup section */

/* Begin XCBuildConfiguration section */
		5ACBF89C1B37D1B6009CCA79 /* Debug */ = {
			isa = XCBuildConfiguration;
			buildSettings = {
				ALWAYS_SEARCH_USER_PATHS = NO;
				CLANG_CXX_LANGUAGE_STANDARD = "gnu++0x";
				CLANG_CXX_LIBRARY = "libc++";
				CLANG_ENABLE_MODULES = YES;
				CLANG_ENABLE_OBJC_ARC = YES;
				CLANG_WARN_BOOL_CONVERSION = YES;
				CLANG_WARN_CONSTANT_CONVERSION = YES;
				CLANG_WARN_DIRECT_OBJC_ISA_USAGE = YES_ERROR;
				CLANG_WARN_EMPTY_BODY = YES;
				CLANG_WARN_ENUM_CONVERSION = YES;
				CLANG_WARN_INT_CONVERSION = YES;
				CLANG_WARN_OBJC_ROOT_CLASS = YES_ERROR;
				CLANG_WARN__DUPLICATE_METHOD_MATCH = YES;
				"CODE_SIGN_IDENTITY[sdk=iphoneos*]" = "iPhone Developer";
				COPY_PHASE_STRIP = NO;
				GCC_C_LANGUAGE_STANDARD = gnu99;
				GCC_DYNAMIC_NO_PIC = NO;
				GCC_OPTIMIZATION_LEVEL = 0;
				GCC_PREPROCESSOR_DEFINITIONS = (
					"DEBUG=1",
					"$(inherited)",
				);
				GCC_SYMBOLS_PRIVATE_EXTERN = NO;
				GCC_WARN_64_TO_32_BIT_CONVERSION = YES;
				GCC_WARN_ABOUT_RETURN_TYPE = YES_ERROR;
				GCC_WARN_UNDECLARED_SELECTOR = YES;
				GCC_WARN_UNINITIALIZED_AUTOS = YES_AGGRESSIVE;
				GCC_WARN_UNUSED_FUNCTION = YES;
				GCC_WARN_UNUSED_VARIABLE = YES;
				IPHONEOS_DEPLOYMENT_TARGET = 7.1;
				ONLY_ACTIVE_ARCH = YES;
				SDKROOT = iphoneos;
			};
			name = Debug;
		};
		5ACBF89D1B37D1B6009CCA79 /* Release */ = {
			isa = XCBuildConfiguration;
			buildSettings = {
				ALWAYS_SEARCH_USER_PATHS = NO;
				CLANG_CXX_LANGUAGE_STANDARD = "gnu++0x";
				CLANG_CXX_LIBRARY = "libc++";
				CLANG_ENABLE_MODULES = YES;
				CLANG_ENABLE_OBJC_ARC = YES;
				CLANG_WARN_BOOL_CONVERSION = YES;
				CLANG_WARN_CONSTANT_CONVERSION = YES;
				CLANG_WARN_DIRECT_OBJC_ISA_USAGE = YES_ERROR;
				CLANG_WARN_EMPTY_BODY = YES;
				CLANG_WARN_ENUM_CONVERSION = YES;
				CLANG_WARN_INT_CONVERSION = YES;
				CLANG_WARN_OBJC_ROOT_CLASS = YES_ERROR;
				CLANG_WARN__DUPLICATE_METHOD_MATCH = YES;
				"CODE_SIGN_IDENTITY[sdk=iphoneos*]" = "iPhone Developer";
				COPY_PHASE_STRIP = YES;
				ENABLE_NS_ASSERTIONS = NO;
				GCC_C_LANGUAGE_STANDARD = gnu99;
				GCC_WARN_64_TO_32_BIT_CONVERSION = YES;
				GCC_WARN_ABOUT_RETURN_TYPE = YES_ERROR;
				GCC_WARN_UNDECLARED_SELECTOR = YES;
				GCC_WARN_UNINITIALIZED_AUTOS = YES_AGGRESSIVE;
				GCC_WARN_UNUSED_FUNCTION = YES;
				GCC_WARN_UNUSED_VARIABLE = YES;
				IPHONEOS_DEPLOYMENT_TARGET = 7.1;
				SDKROOT = iphoneos;
				VALIDATE_PRODUCT = YES;
			};
			name = Release;
		};
		5ACBF89F1B37D1B6009CCA79 /* Debug */ = {
			isa = XCBuildConfiguration;
			buildSettings = {
				ASSETCATALOG_COMPILER_APPICON_NAME = AppIcon;
				ASSETCATALOG_COMPILER_LAUNCHIMAGE_NAME = LaunchImage;
				GCC_PRECOMPILE_PREFIX_HEADER = YES;
				GCC_PREFIX_HEADER = "Weibo/Weibo-Prefix.pch";
				INFOPLIST_FILE = "Weibo/Weibo-Info.plist";
				PRODUCT_NAME = "$(TARGET_NAME)";
				WRAPPER_EXTENSION = app;
			};
			name = Debug;
		};
		5ACBF8A01B37D1B6009CCA79 /* Release */ = {
			isa = XCBuildConfiguration;
			buildSettings = {
				ASSETCATALOG_COMPILER_APPICON_NAME = AppIcon;
				ASSETCATALOG_COMPILER_LAUNCHIMAGE_NAME = LaunchImage;
				GCC_PRECOMPILE_PREFIX_HEADER = YES;
				GCC_PREFIX_HEADER = "Weibo/Weibo-Prefix.pch";
				INFOPLIST_FILE = "Weibo/Weibo-Info.plist";
				PRODUCT_NAME = "$(TARGET_NAME)";
				WRAPPER_EXTENSION = app;
			};
			name = Release;
		};
		5ACBF8A21B37D1B6009CCA79 /* Debug */ = {
			isa = XCBuildConfiguration;
			buildSettings = {
				BUNDLE_LOADER = "$(BUILT_PRODUCTS_DIR)/Weibo.app/Weibo";
				FRAMEWORK_SEARCH_PATHS = (
					"$(SDKROOT)/Developer/Library/Frameworks",
					"$(inherited)",
					"$(DEVELOPER_FRAMEWORKS_DIR)",
				);
				GCC_PRECOMPILE_PREFIX_HEADER = YES;
				GCC_PREFIX_HEADER = "Weibo/Weibo-Prefix.pch";
				GCC_PREPROCESSOR_DEFINITIONS = (
					"DEBUG=1",
					"$(inherited)",
				);
				INFOPLIST_FILE = "WeiboTests/WeiboTests-Info.plist";
				PRODUCT_NAME = "$(TARGET_NAME)";
				TEST_HOST = "$(BUNDLE_LOADER)";
				WRAPPER_EXTENSION = xctest;
			};
			name = Debug;
		};
		5ACBF8A31B37D1B6009CCA79 /* Release */ = {
			isa = XCBuildConfiguration;
			buildSettings = {
				BUNDLE_LOADER = "$(BUILT_PRODUCTS_DIR)/Weibo.app/Weibo";
				FRAMEWORK_SEARCH_PATHS = (
					"$(SDKROOT)/Developer/Library/Frameworks",
					"$(inherited)",
					"$(DEVELOPER_FRAMEWORKS_DIR)",
				);
				GCC_PRECOMPILE_PREFIX_HEADER = YES;
				GCC_PREFIX_HEADER = "Weibo/Weibo-Prefix.pch";
				INFOPLIST_FILE = "WeiboTests/WeiboTests-Info.plist";
				PRODUCT_NAME = "$(TARGET_NAME)";
				TEST_HOST = "$(BUNDLE_LOADER)";
				WRAPPER_EXTENSION = xctest;
			};
			name = Release;
		};
/* End XCBuildConfiguration section */

/* Begin XCConfigurationList section */
		5ACBF8671B37D1B5009CCA79 /* Build configuration list for PBXProject "Weibo" */ = {
			isa = XCConfigurationList;
			buildConfigurations = (
				5ACBF89C1B37D1B6009CCA79 /* Debug */,
				5ACBF89D1B37D1B6009CCA79 /* Release */,
			);
			defaultConfigurationIsVisible = 0;
			defaultConfigurationName = Release;
		};
		5ACBF89E1B37D1B6009CCA79 /* Build configuration list for PBXNativeTarget "Weibo" */ = {
			isa = XCConfigurationList;
			buildConfigurations = (
				5ACBF89F1B37D1B6009CCA79 /* Debug */,
				5ACBF8A01B37D1B6009CCA79 /* Release */,
			);
			defaultConfigurationIsVisible = 0;
		};
		5ACBF8A11B37D1B6009CCA79 /* Build configuration list for PBXNativeTarget "WeiboTests" */ = {
			isa = XCConfigurationList;
			buildConfigurations = (
				5ACBF8A21B37D1B6009CCA79 /* Debug */,
				5ACBF8A31B37D1B6009CCA79 /* Release */,
			);
			defaultConfigurationIsVisible = 0;
		};
/* End XCConfigurationList section */
	};
	rootObject = 5ACBF8641B37D1B5009CCA79 /* Project object */;
}
